PODS:
  - FlybitsConcierge (5.1.2):
    - FlybitsCoreConcierge (= 5.1.2)
  - FlybitsContextSDK (5.1.2):
    - FlybitsSDK (= 5.1.2)
  - FlybitsCoreConcierge (5.1.2):
    - FlybitsContextSDK (= 5.1.2)
    - FlybitsKernelSDK (= 5.1.2)
    - FlybitsPushSDK (= 5.1.2)
    - FlybitsSDK (= 5.1.2)
  - FlybitsKernelSDK (5.1.2):
    - FlybitsSDK (= 5.1.2)
  - FlybitsPushSDK (5.1.2):
    - FlybitsSDK (= 5.1.2)
  - FlybitsSDK (5.1.2)

DEPENDENCIES:
  - FlybitsConcierge (~> 5.1.2)

SPEC REPOS:
  https://github.com/flybits/Spec-XCFramework-new.git:
    - FlybitsConcierge
    - FlybitsContextSDK
    - FlybitsCoreConcierge
    - FlybitsKernelSDK
    - FlybitsPushSDK
    - FlybitsSDK

SPEC CHECKSUMS:
  FlybitsConcierge: 301db55874e68f6a670f389ba88189bf664b9a43
  FlybitsContextSDK: 82617660dd072f058e88e0ffca39d3fad974a798
  FlybitsCoreConcierge: f504a1406ba4c374b23e6ca1a3fc39d97efe34d6
  FlybitsKernelSDK: 33f6a1833b1a85e637d8fd50433a70838aba89dc
  FlybitsPushSDK: 3eb114a6ba274a56b25b004be1e7649a747eba45
  FlybitsSDK: f7efee987fab70f4c7718934b7d8cab53f642475

PODFILE CHECKSUM: 3b41ef2d051e1a581f162644e12d2941368040e1

COCOAPODS: 1.16.2
