PODS:
  - FlybitsSDK (3.3.1)

DEPENDENCIES:
  - FlybitsSDK (~> 3.0)

SPEC REPOS:
  https://github.com/flybits/Spec-Xcode-11.3.1.git:
    - FlybitsSDK

SPEC CHECKSUMS:
  FlybitsSDK: eaed244bd33fa931c9b5318c0f400f6d9a40a6c8

PODFILE CHECKSUM: 1eab852dd33d6439a1139b83e62a3fd7cd149be9

COCOAPODS: 1.8.4
