PODS:
  - FlybitsConcierge (5.0.0-alpha11):
    - FlybitsCoreConcierge (= 5.0.0-alpha11)
  - FlybitsContextSDK (5.0.0-alpha11):
    - FlybitsSDK (= 5.0.0-alpha11)
  - FlybitsCoreConcierge (5.0.0-alpha11):
    - FlybitsContextSDK (= 5.0.0-alpha11)
    - FlybitsKernelSDK (= 5.0.0-alpha11)
    - FlybitsPushSDK (= 5.0.0-alpha11)
    - FlybitsSDK (= 5.0.0-alpha11)
  - FlybitsKernelSDK (5.0.0-alpha11):
    - FlybitsSDK (= 5.0.0-alpha11)
  - FlybitsPushSDK (5.0.0-alpha11):
    - FlybitsSDK (= 5.0.0-alpha11)
  - FlybitsSDK (5.0.0-alpha11)

DEPENDENCIES:
  - FlybitsConcierge (~> 5.0.0-alpha11)

SPEC REPOS:
  https://github.com/flybits/Spec-XCFramework.git:
    - FlybitsConcierge
    - FlybitsContextSDK
    - FlybitsCoreConcierge
    - FlybitsKernelSDK
    - FlybitsPushSDK
    - FlybitsSDK

SPEC CHECKSUMS:
  FlybitsConcierge: 416d4ad21339660169b6081ff5f9ffa56cc48159
  FlybitsContextSDK: 58671242e129ebe6751d83fcf6f74bd1f115c193
  FlybitsCoreConcierge: 47ef9f9e602c07d74db33eff426cbff2211c68fa
  FlybitsKernelSDK: 4b35ae0ae1d7d4e007912b71458a68d05f5b423e
  FlybitsPushSDK: a1ea21111e5750581493d918329dad6c85eba478
  FlybitsSDK: 69aec9e193d80a1954ba6d24a8b6d8c85da917b2

PODFILE CHECKSUM: fc05906c8d6dd55d98ea884fb21752e19d938ec0

COCOAPODS: 1.11.3
