// !$*UTF8*$!
{
	archiveVersion = 1;
	classes = {
	};
	objectVersion = 56;
	objects = {

/* Begin PBXBuildFile section */
		12EF01C529CE2D8400C019C2 /* AppDelegate.swift in Sources */ = {isa = PBXBuildFile; fileRef = 12EF01C429CE2D8400C019C2 /* AppDelegate.swift */; };
		12EF01C729CE2D8400C019C2 /* SceneDelegate.swift in Sources */ = {isa = PBXBuildFile; fileRef = 12EF01C629CE2D8400C019C2 /* SceneDelegate.swift */; };
		12EF01C929CE2D8400C019C2 /* ViewController.swift in Sources */ = {isa = PBXBuildFile; fileRef = 12EF01C829CE2D8400C019C2 /* ViewController.swift */; };
		12EF01CC29CE2D8400C019C2 /* Main.storyboard in Resources */ = {isa = PBXBuildFile; fileRef = 12EF01CA29CE2D8400C019C2 /* Main.storyboard */; };
		12EF01CE29CE2D8500C019C2 /* Assets.xcassets in Resources */ = {isa = PBXBuildFile; fileRef = 12EF01CD29CE2D8500C019C2 /* Assets.xcassets */; };
		12EF01D129CE2D8500C019C2 /* LaunchScreen.storyboard in Resources */ = {isa = PBXBuildFile; fileRef = 12EF01CF29CE2D8500C019C2 /* LaunchScreen.storyboard */; };
		12EF01DC29CE2D8600C019C2 /* Migration_TestTests.swift in Sources */ = {isa = PBXBuildFile; fileRef = 12EF01DB29CE2D8600C019C2 /* Migration_TestTests.swift */; };
		12EF01E629CE2D8600C019C2 /* Migration_TestUITests.swift in Sources */ = {isa = PBXBuildFile; fileRef = 12EF01E529CE2D8600C019C2 /* Migration_TestUITests.swift */; };
		12EF01E829CE2D8600C019C2 /* Migration_TestUITestsLaunchTests.swift in Sources */ = {isa = PBXBuildFile; fileRef = 12EF01E729CE2D8600C019C2 /* Migration_TestUITestsLaunchTests.swift */; };
		43B47CBD8C445722E267AAC7 /* Pods_Migration_TestTests.framework in Frameworks */ = {isa = PBXBuildFile; fileRef = 8AA84E8225F437C594E86CE0 /* Pods_Migration_TestTests.framework */; };
		70CDE1825A59410EBD01E0D6 /* Pods_Migration_Test_Migration_TestUITests.framework in Frameworks */ = {isa = PBXBuildFile; fileRef = 8C4772B9D60C2691E0077402 /* Pods_Migration_Test_Migration_TestUITests.framework */; };
		E71AD76C73C124C264786F8C /* Pods_Migration_Test.framework in Frameworks */ = {isa = PBXBuildFile; fileRef = 82162637BFB25A5B8A18F010 /* Pods_Migration_Test.framework */; };
/* End PBXBuildFile section */

/* Begin PBXContainerItemProxy section */
		12EF01D829CE2D8600C019C2 /* PBXContainerItemProxy */ = {
			isa = PBXContainerItemProxy;
			containerPortal = 12EF01B929CE2D8400C019C2 /* Project object */;
			proxyType = 1;
			remoteGlobalIDString = 12EF01C029CE2D8400C019C2;
			remoteInfo = "Migration-Test";
		};
		12EF01E229CE2D8600C019C2 /* PBXContainerItemProxy */ = {
			isa = PBXContainerItemProxy;
			containerPortal = 12EF01B929CE2D8400C019C2 /* Project object */;
			proxyType = 1;
			remoteGlobalIDString = 12EF01C029CE2D8400C019C2;
			remoteInfo = "Migration-Test";
		};
/* End PBXContainerItemProxy section */

/* Begin PBXFileReference section */
		0F639B432B4F0BDB1F4A3B44 /* Pods-Migration-Test.debug.xcconfig */ = {isa = PBXFileReference; includeInIndex = 1; lastKnownFileType = text.xcconfig; name = "Pods-Migration-Test.debug.xcconfig"; path = "Target Support Files/Pods-Migration-Test/Pods-Migration-Test.debug.xcconfig"; sourceTree = "<group>"; };
		12EF01C129CE2D8400C019C2 /* Migration-Test.app */ = {isa = PBXFileReference; explicitFileType = wrapper.application; includeInIndex = 0; path = "Migration-Test.app"; sourceTree = BUILT_PRODUCTS_DIR; };
		12EF01C429CE2D8400C019C2 /* AppDelegate.swift */ = {isa = PBXFileReference; lastKnownFileType = sourcecode.swift; path = AppDelegate.swift; sourceTree = "<group>"; };
		12EF01C629CE2D8400C019C2 /* SceneDelegate.swift */ = {isa = PBXFileReference; lastKnownFileType = sourcecode.swift; path = SceneDelegate.swift; sourceTree = "<group>"; };
		12EF01C829CE2D8400C019C2 /* ViewController.swift */ = {isa = PBXFileReference; lastKnownFileType = sourcecode.swift; path = ViewController.swift; sourceTree = "<group>"; };
		12EF01CB29CE2D8400C019C2 /* Base */ = {isa = PBXFileReference; lastKnownFileType = file.storyboard; name = Base; path = Base.lproj/Main.storyboard; sourceTree = "<group>"; };
		12EF01CD29CE2D8500C019C2 /* Assets.xcassets */ = {isa = PBXFileReference; lastKnownFileType = folder.assetcatalog; path = Assets.xcassets; sourceTree = "<group>"; };
		12EF01D029CE2D8500C019C2 /* Base */ = {isa = PBXFileReference; lastKnownFileType = file.storyboard; name = Base; path = Base.lproj/LaunchScreen.storyboard; sourceTree = "<group>"; };
		12EF01D229CE2D8500C019C2 /* Info.plist */ = {isa = PBXFileReference; lastKnownFileType = text.plist.xml; path = Info.plist; sourceTree = "<group>"; };
		12EF01D729CE2D8600C019C2 /* Migration-TestTests.xctest */ = {isa = PBXFileReference; explicitFileType = wrapper.cfbundle; includeInIndex = 0; path = "Migration-TestTests.xctest"; sourceTree = BUILT_PRODUCTS_DIR; };
		12EF01DB29CE2D8600C019C2 /* Migration_TestTests.swift */ = {isa = PBXFileReference; lastKnownFileType = sourcecode.swift; path = Migration_TestTests.swift; sourceTree = "<group>"; };
		12EF01E129CE2D8600C019C2 /* Migration-TestUITests.xctest */ = {isa = PBXFileReference; explicitFileType = wrapper.cfbundle; includeInIndex = 0; path = "Migration-TestUITests.xctest"; sourceTree = BUILT_PRODUCTS_DIR; };
		12EF01E529CE2D8600C019C2 /* Migration_TestUITests.swift */ = {isa = PBXFileReference; lastKnownFileType = sourcecode.swift; path = Migration_TestUITests.swift; sourceTree = "<group>"; };
		12EF01E729CE2D8600C019C2 /* Migration_TestUITestsLaunchTests.swift */ = {isa = PBXFileReference; lastKnownFileType = sourcecode.swift; path = Migration_TestUITestsLaunchTests.swift; sourceTree = "<group>"; };
		1AAE4DB1EE2A13C774CFE1EB /* Pods-Migration-TestTests.debug.xcconfig */ = {isa = PBXFileReference; includeInIndex = 1; lastKnownFileType = text.xcconfig; name = "Pods-Migration-TestTests.debug.xcconfig"; path = "Target Support Files/Pods-Migration-TestTests/Pods-Migration-TestTests.debug.xcconfig"; sourceTree = "<group>"; };
		39FF6AFEB116B29EA6D38B56 /* Pods-Migration-Test-Migration-TestUITests.release.xcconfig */ = {isa = PBXFileReference; includeInIndex = 1; lastKnownFileType = text.xcconfig; name = "Pods-Migration-Test-Migration-TestUITests.release.xcconfig"; path = "Target Support Files/Pods-Migration-Test-Migration-TestUITests/Pods-Migration-Test-Migration-TestUITests.release.xcconfig"; sourceTree = "<group>"; };
		82162637BFB25A5B8A18F010 /* Pods_Migration_Test.framework */ = {isa = PBXFileReference; explicitFileType = wrapper.framework; includeInIndex = 0; path = Pods_Migration_Test.framework; sourceTree = BUILT_PRODUCTS_DIR; };
		8AA84E8225F437C594E86CE0 /* Pods_Migration_TestTests.framework */ = {isa = PBXFileReference; explicitFileType = wrapper.framework; includeInIndex = 0; path = Pods_Migration_TestTests.framework; sourceTree = BUILT_PRODUCTS_DIR; };
		8C4772B9D60C2691E0077402 /* Pods_Migration_Test_Migration_TestUITests.framework */ = {isa = PBXFileReference; explicitFileType = wrapper.framework; includeInIndex = 0; path = Pods_Migration_Test_Migration_TestUITests.framework; sourceTree = BUILT_PRODUCTS_DIR; };
		8FF4ED8EA4023416582C5CC7 /* Pods-Migration-Test.release.xcconfig */ = {isa = PBXFileReference; includeInIndex = 1; lastKnownFileType = text.xcconfig; name = "Pods-Migration-Test.release.xcconfig"; path = "Target Support Files/Pods-Migration-Test/Pods-Migration-Test.release.xcconfig"; sourceTree = "<group>"; };
		9F20997DA6A42F3103865D17 /* Pods-Migration-TestTests.release.xcconfig */ = {isa = PBXFileReference; includeInIndex = 1; lastKnownFileType = text.xcconfig; name = "Pods-Migration-TestTests.release.xcconfig"; path = "Target Support Files/Pods-Migration-TestTests/Pods-Migration-TestTests.release.xcconfig"; sourceTree = "<group>"; };
		ABA7CC332071ED756EFEAA4D /* Pods-Migration-Test-Migration-TestUITests.debug.xcconfig */ = {isa = PBXFileReference; includeInIndex = 1; lastKnownFileType = text.xcconfig; name = "Pods-Migration-Test-Migration-TestUITests.debug.xcconfig"; path = "Target Support Files/Pods-Migration-Test-Migration-TestUITests/Pods-Migration-Test-Migration-TestUITests.debug.xcconfig"; sourceTree = "<group>"; };
/* End PBXFileReference section */

/* Begin PBXFrameworksBuildPhase section */
		12EF01BE29CE2D8400C019C2 /* Frameworks */ = {
			isa = PBXFrameworksBuildPhase;
			buildActionMask = 2147483647;
			files = (
				E71AD76C73C124C264786F8C /* Pods_Migration_Test.framework in Frameworks */,
			);
			runOnlyForDeploymentPostprocessing = 0;
		};
		12EF01D429CE2D8600C019C2 /* Frameworks */ = {
			isa = PBXFrameworksBuildPhase;
			buildActionMask = 2147483647;
			files = (
				43B47CBD8C445722E267AAC7 /* Pods_Migration_TestTests.framework in Frameworks */,
			);
			runOnlyForDeploymentPostprocessing = 0;
		};
		12EF01DE29CE2D8600C019C2 /* Frameworks */ = {
			isa = PBXFrameworksBuildPhase;
			buildActionMask = 2147483647;
			files = (
				70CDE1825A59410EBD01E0D6 /* Pods_Migration_Test_Migration_TestUITests.framework in Frameworks */,
			);
			runOnlyForDeploymentPostprocessing = 0;
		};
/* End PBXFrameworksBuildPhase section */

/* Begin PBXGroup section */
		0F8C173F420C20DF5A651DEA /* Pods */ = {
			isa = PBXGroup;
			children = (
				0F639B432B4F0BDB1F4A3B44 /* Pods-Migration-Test.debug.xcconfig */,
				8FF4ED8EA4023416582C5CC7 /* Pods-Migration-Test.release.xcconfig */,
				ABA7CC332071ED756EFEAA4D /* Pods-Migration-Test-Migration-TestUITests.debug.xcconfig */,
				39FF6AFEB116B29EA6D38B56 /* Pods-Migration-Test-Migration-TestUITests.release.xcconfig */,
				1AAE4DB1EE2A13C774CFE1EB /* Pods-Migration-TestTests.debug.xcconfig */,
				9F20997DA6A42F3103865D17 /* Pods-Migration-TestTests.release.xcconfig */,
			);
			path = Pods;
			sourceTree = "<group>";
		};
		12EF01B829CE2D8400C019C2 = {
			isa = PBXGroup;
			children = (
				12EF01C329CE2D8400C019C2 /* Migration-Test */,
				12EF01DA29CE2D8600C019C2 /* Migration-TestTests */,
				12EF01E429CE2D8600C019C2 /* Migration-TestUITests */,
				12EF01C229CE2D8400C019C2 /* Products */,
				0F8C173F420C20DF5A651DEA /* Pods */,
				848BF694E30D6B0FC3D979FF /* Frameworks */,
			);
			sourceTree = "<group>";
		};
		12EF01C229CE2D8400C019C2 /* Products */ = {
			isa = PBXGroup;
			children = (
				12EF01C129CE2D8400C019C2 /* Migration-Test.app */,
				12EF01D729CE2D8600C019C2 /* Migration-TestTests.xctest */,
				12EF01E129CE2D8600C019C2 /* Migration-TestUITests.xctest */,
			);
			name = Products;
			sourceTree = "<group>";
		};
		12EF01C329CE2D8400C019C2 /* Migration-Test */ = {
			isa = PBXGroup;
			children = (
				12EF01C429CE2D8400C019C2 /* AppDelegate.swift */,
				12EF01C629CE2D8400C019C2 /* SceneDelegate.swift */,
				12EF01C829CE2D8400C019C2 /* ViewController.swift */,
				12EF01CA29CE2D8400C019C2 /* Main.storyboard */,
				12EF01CD29CE2D8500C019C2 /* Assets.xcassets */,
				12EF01CF29CE2D8500C019C2 /* LaunchScreen.storyboard */,
				12EF01D229CE2D8500C019C2 /* Info.plist */,
			);
			path = "Migration-Test";
			sourceTree = "<group>";
		};
		12EF01DA29CE2D8600C019C2 /* Migration-TestTests */ = {
			isa = PBXGroup;
			children = (
				12EF01DB29CE2D8600C019C2 /* Migration_TestTests.swift */,
			);
			path = "Migration-TestTests";
			sourceTree = "<group>";
		};
		12EF01E429CE2D8600C019C2 /* Migration-TestUITests */ = {
			isa = PBXGroup;
			children = (
				12EF01E529CE2D8600C019C2 /* Migration_TestUITests.swift */,
				12EF01E729CE2D8600C019C2 /* Migration_TestUITestsLaunchTests.swift */,
			);
			path = "Migration-TestUITests";
			sourceTree = "<group>";
		};
		848BF694E30D6B0FC3D979FF /* Frameworks */ = {
			isa = PBXGroup;
			children = (
				82162637BFB25A5B8A18F010 /* Pods_Migration_Test.framework */,
				8C4772B9D60C2691E0077402 /* Pods_Migration_Test_Migration_TestUITests.framework */,
				8AA84E8225F437C594E86CE0 /* Pods_Migration_TestTests.framework */,
			);
			name = Frameworks;
			sourceTree = "<group>";
		};
/* End PBXGroup section */

/* Begin PBXNativeTarget section */
		12EF01C029CE2D8400C019C2 /* Migration-Test */ = {
			isa = PBXNativeTarget;
			buildConfigurationList = 12EF01EB29CE2D8600C019C2 /* Build configuration list for PBXNativeTarget "Migration-Test" */;
			buildPhases = (
				D902610F20BD864AB1977967 /* [CP] Check Pods Manifest.lock */,
				12EF01BD29CE2D8400C019C2 /* Sources */,
				12EF01BE29CE2D8400C019C2 /* Frameworks */,
				12EF01BF29CE2D8400C019C2 /* Resources */,
				C90FAC324E24CF425FC220BE /* [CP] Embed Pods Frameworks */,
			);
			buildRules = (
			);
			dependencies = (
			);
			name = "Migration-Test";
			productName = "Migration-Test";
			productReference = 12EF01C129CE2D8400C019C2 /* Migration-Test.app */;
			productType = "com.apple.product-type.application";
		};
		12EF01D629CE2D8600C019C2 /* Migration-TestTests */ = {
			isa = PBXNativeTarget;
			buildConfigurationList = 12EF01EE29CE2D8600C019C2 /* Build configuration list for PBXNativeTarget "Migration-TestTests" */;
			buildPhases = (
				F7206B55723549389B3C87AE /* [CP] Check Pods Manifest.lock */,
				12EF01D329CE2D8600C019C2 /* Sources */,
				12EF01D429CE2D8600C019C2 /* Frameworks */,
				12EF01D529CE2D8600C019C2 /* Resources */,
			);
			buildRules = (
			);
			dependencies = (
				12EF01D929CE2D8600C019C2 /* PBXTargetDependency */,
			);
			name = "Migration-TestTests";
			productName = "Migration-TestTests";
			productReference = 12EF01D729CE2D8600C019C2 /* Migration-TestTests.xctest */;
			productType = "com.apple.product-type.bundle.unit-test";
		};
		12EF01E029CE2D8600C019C2 /* Migration-TestUITests */ = {
			isa = PBXNativeTarget;
			buildConfigurationList = 12EF01F129CE2D8600C019C2 /* Build configuration list for PBXNativeTarget "Migration-TestUITests" */;
			buildPhases = (
				9143A2A83D8E73F1A5239BF2 /* [CP] Check Pods Manifest.lock */,
				12EF01DD29CE2D8600C019C2 /* Sources */,
				12EF01DE29CE2D8600C019C2 /* Frameworks */,
				12EF01DF29CE2D8600C019C2 /* Resources */,
				172A5BFDD03DA2240B105318 /* [CP] Embed Pods Frameworks */,
			);
			buildRules = (
			);
			dependencies = (
				12EF01E329CE2D8600C019C2 /* PBXTargetDependency */,
			);
			name = "Migration-TestUITests";
			productName = "Migration-TestUITests";
			productReference = 12EF01E129CE2D8600C019C2 /* Migration-TestUITests.xctest */;
			productType = "com.apple.product-type.bundle.ui-testing";
		};
/* End PBXNativeTarget section */

/* Begin PBXProject section */
		12EF01B929CE2D8400C019C2 /* Project object */ = {
			isa = PBXProject;
			attributes = {
				BuildIndependentTargetsInParallel = 1;
				LastSwiftUpdateCheck = 1420;
				LastUpgradeCheck = 1420;
				TargetAttributes = {
					12EF01C029CE2D8400C019C2 = {
						CreatedOnToolsVersion = 14.2;
					};
					12EF01D629CE2D8600C019C2 = {
						CreatedOnToolsVersion = 14.2;
						TestTargetID = 12EF01C029CE2D8400C019C2;
					};
					12EF01E029CE2D8600C019C2 = {
						CreatedOnToolsVersion = 14.2;
						TestTargetID = 12EF01C029CE2D8400C019C2;
					};
				};
			};
			buildConfigurationList = 12EF01BC29CE2D8400C019C2 /* Build configuration list for PBXProject "Migration-Test" */;
			compatibilityVersion = "Xcode 14.0";
			developmentRegion = en;
			hasScannedForEncodings = 0;
			knownRegions = (
				en,
				Base,
			);
			mainGroup = 12EF01B829CE2D8400C019C2;
			productRefGroup = 12EF01C229CE2D8400C019C2 /* Products */;
			projectDirPath = "";
			projectRoot = "";
			targets = (
				12EF01C029CE2D8400C019C2 /* Migration-Test */,
				12EF01D629CE2D8600C019C2 /* Migration-TestTests */,
				12EF01E029CE2D8600C019C2 /* Migration-TestUITests */,
			);
		};
/* End PBXProject section */

/* Begin PBXResourcesBuildPhase section */
		12EF01BF29CE2D8400C019C2 /* Resources */ = {
			isa = PBXResourcesBuildPhase;
			buildActionMask = 2147483647;
			files = (
				12EF01D129CE2D8500C019C2 /* LaunchScreen.storyboard in Resources */,
				12EF01CE29CE2D8500C019C2 /* Assets.xcassets in Resources */,
				12EF01CC29CE2D8400C019C2 /* Main.storyboard in Resources */,
			);
			runOnlyForDeploymentPostprocessing = 0;
		};
		12EF01D529CE2D8600C019C2 /* Resources */ = {
			isa = PBXResourcesBuildPhase;
			buildActionMask = 2147483647;
			files = (
			);
			runOnlyForDeploymentPostprocessing = 0;
		};
		12EF01DF29CE2D8600C019C2 /* Resources */ = {
			isa = PBXResourcesBuildPhase;
			buildActionMask = 2147483647;
			files = (
			);
			runOnlyForDeploymentPostprocessing = 0;
		};
/* End PBXResourcesBuildPhase section */

/* Begin PBXShellScriptBuildPhase section */
		172A5BFDD03DA2240B105318 /* [CP] Embed Pods Frameworks */ = {
			isa = PBXShellScriptBuildPhase;
			buildActionMask = 2147483647;
			files = (
			);
			inputFileListPaths = (
				"${PODS_ROOT}/Target Support Files/Pods-Migration-Test-Migration-TestUITests/Pods-Migration-Test-Migration-TestUITests-frameworks-${CONFIGURATION}-input-files.xcfilelist",
			);
			name = "[CP] Embed Pods Frameworks";
			outputFileListPaths = (
				"${PODS_ROOT}/Target Support Files/Pods-Migration-Test-Migration-TestUITests/Pods-Migration-Test-Migration-TestUITests-frameworks-${CONFIGURATION}-output-files.xcfilelist",
			);
			runOnlyForDeploymentPostprocessing = 0;
			shellPath = /bin/sh;
			shellScript = "\"${PODS_ROOT}/Target Support Files/Pods-Migration-Test-Migration-TestUITests/Pods-Migration-Test-Migration-TestUITests-frameworks.sh\"\n";
			showEnvVarsInLog = 0;
		};
		9143A2A83D8E73F1A5239BF2 /* [CP] Check Pods Manifest.lock */ = {
			isa = PBXShellScriptBuildPhase;
			buildActionMask = 2147483647;
			files = (
			);
			inputFileListPaths = (
			);
			inputPaths = (
				"${PODS_PODFILE_DIR_PATH}/Podfile.lock",
				"${PODS_ROOT}/Manifest.lock",
			);
			name = "[CP] Check Pods Manifest.lock";
			outputFileListPaths = (
			);
			outputPaths = (
				"$(DERIVED_FILE_DIR)/Pods-Migration-Test-Migration-TestUITests-checkManifestLockResult.txt",
			);
			runOnlyForDeploymentPostprocessing = 0;
			shellPath = /bin/sh;
			shellScript = "diff \"${PODS_PODFILE_DIR_PATH}/Podfile.lock\" \"${PODS_ROOT}/Manifest.lock\" > /dev/null\nif [ $? != 0 ] ; then\n    # print error to STDERR\n    echo \"error: The sandbox is not in sync with the Podfile.lock. Run 'pod install' or update your CocoaPods installation.\" >&2\n    exit 1\nfi\n# This output is used by Xcode 'outputs' to avoid re-running this script phase.\necho \"SUCCESS\" > \"${SCRIPT_OUTPUT_FILE_0}\"\n";
			showEnvVarsInLog = 0;
		};
		C90FAC324E24CF425FC220BE /* [CP] Embed Pods Frameworks */ = {
			isa = PBXShellScriptBuildPhase;
			buildActionMask = 2147483647;
			files = (
			);
			inputFileListPaths = (
				"${PODS_ROOT}/Target Support Files/Pods-Migration-Test/Pods-Migration-Test-frameworks-${CONFIGURATION}-input-files.xcfilelist",
			);
			name = "[CP] Embed Pods Frameworks";
			outputFileListPaths = (
				"${PODS_ROOT}/Target Support Files/Pods-Migration-Test/Pods-Migration-Test-frameworks-${CONFIGURATION}-output-files.xcfilelist",
			);
			runOnlyForDeploymentPostprocessing = 0;
			shellPath = /bin/sh;
			shellScript = "\"${PODS_ROOT}/Target Support Files/Pods-Migration-Test/Pods-Migration-Test-frameworks.sh\"\n";
			showEnvVarsInLog = 0;
		};
		D902610F20BD864AB1977967 /* [CP] Check Pods Manifest.lock */ = {
			isa = PBXShellScriptBuildPhase;
			buildActionMask = 2147483647;
			files = (
			);
			inputFileListPaths = (
			);
			inputPaths = (
				"${PODS_PODFILE_DIR_PATH}/Podfile.lock",
				"${PODS_ROOT}/Manifest.lock",
			);
			name = "[CP] Check Pods Manifest.lock";
			outputFileListPaths = (
			);
			outputPaths = (
				"$(DERIVED_FILE_DIR)/Pods-Migration-Test-checkManifestLockResult.txt",
			);
			runOnlyForDeploymentPostprocessing = 0;
			shellPath = /bin/sh;
			shellScript = "diff \"${PODS_PODFILE_DIR_PATH}/Podfile.lock\" \"${PODS_ROOT}/Manifest.lock\" > /dev/null\nif [ $? != 0 ] ; then\n    # print error to STDERR\n    echo \"error: The sandbox is not in sync with the Podfile.lock. Run 'pod install' or update your CocoaPods installation.\" >&2\n    exit 1\nfi\n# This output is used by Xcode 'outputs' to avoid re-running this script phase.\necho \"SUCCESS\" > \"${SCRIPT_OUTPUT_FILE_0}\"\n";
			showEnvVarsInLog = 0;
		};
		F7206B55723549389B3C87AE /* [CP] Check Pods Manifest.lock */ = {
			isa = PBXShellScriptBuildPhase;
			buildActionMask = 2147483647;
			files = (
			);
			inputFileListPaths = (
			);
			inputPaths = (
				"${PODS_PODFILE_DIR_PATH}/Podfile.lock",
				"${PODS_ROOT}/Manifest.lock",
			);
			name = "[CP] Check Pods Manifest.lock";
			outputFileListPaths = (
			);
			outputPaths = (
				"$(DERIVED_FILE_DIR)/Pods-Migration-TestTests-checkManifestLockResult.txt",
			);
			runOnlyForDeploymentPostprocessing = 0;
			shellPath = /bin/sh;
			shellScript = "diff \"${PODS_PODFILE_DIR_PATH}/Podfile.lock\" \"${PODS_ROOT}/Manifest.lock\" > /dev/null\nif [ $? != 0 ] ; then\n    # print error to STDERR\n    echo \"error: The sandbox is not in sync with the Podfile.lock. Run 'pod install' or update your CocoaPods installation.\" >&2\n    exit 1\nfi\n# This output is used by Xcode 'outputs' to avoid re-running this script phase.\necho \"SUCCESS\" > \"${SCRIPT_OUTPUT_FILE_0}\"\n";
			showEnvVarsInLog = 0;
		};
/* End PBXShellScriptBuildPhase section */

/* Begin PBXSourcesBuildPhase section */
		12EF01BD29CE2D8400C019C2 /* Sources */ = {
			isa = PBXSourcesBuildPhase;
			buildActionMask = 2147483647;
			files = (
				12EF01C929CE2D8400C019C2 /* ViewController.swift in Sources */,
				12EF01C529CE2D8400C019C2 /* AppDelegate.swift in Sources */,
				12EF01C729CE2D8400C019C2 /* SceneDelegate.swift in Sources */,
			);
			runOnlyForDeploymentPostprocessing = 0;
		};
		12EF01D329CE2D8600C019C2 /* Sources */ = {
			isa = PBXSourcesBuildPhase;
			buildActionMask = 2147483647;
			files = (
				12EF01DC29CE2D8600C019C2 /* Migration_TestTests.swift in Sources */,
			);
			runOnlyForDeploymentPostprocessing = 0;
		};
		12EF01DD29CE2D8600C019C2 /* Sources */ = {
			isa = PBXSourcesBuildPhase;
			buildActionMask = 2147483647;
			files = (
				12EF01E629CE2D8600C019C2 /* Migration_TestUITests.swift in Sources */,
				12EF01E829CE2D8600C019C2 /* Migration_TestUITestsLaunchTests.swift in Sources */,
			);
			runOnlyForDeploymentPostprocessing = 0;
		};
/* End PBXSourcesBuildPhase section */

/* Begin PBXTargetDependency section */
		12EF01D929CE2D8600C019C2 /* PBXTargetDependency */ = {
			isa = PBXTargetDependency;
			target = 12EF01C029CE2D8400C019C2 /* Migration-Test */;
			targetProxy = 12EF01D829CE2D8600C019C2 /* PBXContainerItemProxy */;
		};
		12EF01E329CE2D8600C019C2 /* PBXTargetDependency */ = {
			isa = PBXTargetDependency;
			target = 12EF01C029CE2D8400C019C2 /* Migration-Test */;
			targetProxy = 12EF01E229CE2D8600C019C2 /* PBXContainerItemProxy */;
		};
/* End PBXTargetDependency section */

/* Begin PBXVariantGroup section */
		12EF01CA29CE2D8400C019C2 /* Main.storyboard */ = {
			isa = PBXVariantGroup;
			children = (
				12EF01CB29CE2D8400C019C2 /* Base */,
			);
			name = Main.storyboard;
			sourceTree = "<group>";
		};
		12EF01CF29CE2D8500C019C2 /* LaunchScreen.storyboard */ = {
			isa = PBXVariantGroup;
			children = (
				12EF01D029CE2D8500C019C2 /* Base */,
			);
			name = LaunchScreen.storyboard;
			sourceTree = "<group>";
		};
/* End PBXVariantGroup section */

/* Begin XCBuildConfiguration section */
		12EF01E929CE2D8600C019C2 /* Debug */ = {
			isa = XCBuildConfiguration;
			buildSettings = {
				ALWAYS_SEARCH_USER_PATHS = NO;
				CLANG_ANALYZER_NONNULL = YES;
				CLANG_ANALYZER_NUMBER_OBJECT_CONVERSION = YES_AGGRESSIVE;
				CLANG_CXX_LANGUAGE_STANDARD = "gnu++20";
				CLANG_ENABLE_MODULES = YES;
				CLANG_ENABLE_OBJC_ARC = YES;
				CLANG_ENABLE_OBJC_WEAK = YES;
				CLANG_WARN_BLOCK_CAPTURE_AUTORELEASING = YES;
				CLANG_WARN_BOOL_CONVERSION = YES;
				CLANG_WARN_COMMA = YES;
				CLANG_WARN_CONSTANT_CONVERSION = YES;
				CLANG_WARN_DEPRECATED_OBJC_IMPLEMENTATIONS = YES;
				CLANG_WARN_DIRECT_OBJC_ISA_USAGE = YES_ERROR;
				CLANG_WARN_DOCUMENTATION_COMMENTS = YES;
				CLANG_WARN_EMPTY_BODY = YES;
				CLANG_WARN_ENUM_CONVERSION = YES;
				CLANG_WARN_INFINITE_RECURSION = YES;
				CLANG_WARN_INT_CONVERSION = YES;
				CLANG_WARN_NON_LITERAL_NULL_CONVERSION = YES;
				CLANG_WARN_OBJC_IMPLICIT_RETAIN_SELF = YES;
				CLANG_WARN_OBJC_LITERAL_CONVERSION = YES;
				CLANG_WARN_OBJC_ROOT_CLASS = YES_ERROR;
				CLANG_WARN_QUOTED_INCLUDE_IN_FRAMEWORK_HEADER = YES;
				CLANG_WARN_RANGE_LOOP_ANALYSIS = YES;
				CLANG_WARN_STRICT_PROTOTYPES = YES;
				CLANG_WARN_SUSPICIOUS_MOVE = YES;
				CLANG_WARN_UNGUARDED_AVAILABILITY = YES_AGGRESSIVE;
				CLANG_WARN_UNREACHABLE_CODE = YES;
				CLANG_WARN__DUPLICATE_METHOD_MATCH = YES;
				COPY_PHASE_STRIP = NO;
				DEBUG_INFORMATION_FORMAT = dwarf;
				ENABLE_STRICT_OBJC_MSGSEND = YES;
				ENABLE_TESTABILITY = YES;
				GCC_C_LANGUAGE_STANDARD = gnu11;
				GCC_DYNAMIC_NO_PIC = NO;
				GCC_NO_COMMON_BLOCKS = YES;
				GCC_OPTIMIZATION_LEVEL = 0;
				GCC_PREPROCESSOR_DEFINITIONS = (
					"DEBUG=1",
					"$(inherited)",
				);
				GCC_WARN_64_TO_32_BIT_CONVERSION = YES;
				GCC_WARN_ABOUT_RETURN_TYPE = YES_ERROR;
				GCC_WARN_UNDECLARED_SELECTOR = YES;
				GCC_WARN_UNINITIALIZED_AUTOS = YES_AGGRESSIVE;
				GCC_WARN_UNUSED_FUNCTION = YES;
				GCC_WARN_UNUSED_VARIABLE = YES;
				IPHONEOS_DEPLOYMENT_TARGET = 16.2;
				MTL_ENABLE_DEBUG_INFO = INCLUDE_SOURCE;
				MTL_FAST_MATH = YES;
				ONLY_ACTIVE_ARCH = YES;
				SDKROOT = iphoneos;
				SWIFT_ACTIVE_COMPILATION_CONDITIONS = DEBUG;
				SWIFT_OPTIMIZATION_LEVEL = "-Onone";
			};
			name = Debug;
		};
		12EF01EA29CE2D8600C019C2 /* Release */ = {
			isa = XCBuildConfiguration;
			buildSettings = {
				ALWAYS_SEARCH_USER_PATHS = NO;
				CLANG_ANALYZER_NONNULL = YES;
				CLANG_ANALYZER_NUMBER_OBJECT_CONVERSION = YES_AGGRESSIVE;
				CLANG_CXX_LANGUAGE_STANDARD = "gnu++20";
				CLANG_ENABLE_MODULES = YES;
				CLANG_ENABLE_OBJC_ARC = YES;
				CLANG_ENABLE_OBJC_WEAK = YES;
				CLANG_WARN_BLOCK_CAPTURE_AUTORELEASING = YES;
				CLANG_WARN_BOOL_CONVERSION = YES;
				CLANG_WARN_COMMA = YES;
				CLANG_WARN_CONSTANT_CONVERSION = YES;
				CLANG_WARN_DEPRECATED_OBJC_IMPLEMENTATIONS = YES;
				CLANG_WARN_DIRECT_OBJC_ISA_USAGE = YES_ERROR;
				CLANG_WARN_DOCUMENTATION_COMMENTS = YES;
				CLANG_WARN_EMPTY_BODY = YES;
				CLANG_WARN_ENUM_CONVERSION = YES;
				CLANG_WARN_INFINITE_RECURSION = YES;
				CLANG_WARN_INT_CONVERSION = YES;
				CLANG_WARN_NON_LITERAL_NULL_CONVERSION = YES;
				CLANG_WARN_OBJC_IMPLICIT_RETAIN_SELF = YES;
				CLANG_WARN_OBJC_LITERAL_CONVERSION = YES;
				CLANG_WARN_OBJC_ROOT_CLASS = YES_ERROR;
				CLANG_WARN_QUOTED_INCLUDE_IN_FRAMEWORK_HEADER = YES;
				CLANG_WARN_RANGE_LOOP_ANALYSIS = YES;
				CLANG_WARN_STRICT_PROTOTYPES = YES;
				CLANG_WARN_SUSPICIOUS_MOVE = YES;
				CLANG_WARN_UNGUARDED_AVAILABILITY = YES_AGGRESSIVE;
				CLANG_WARN_UNREACHABLE_CODE = YES;
				CLANG_WARN__DUPLICATE_METHOD_MATCH = YES;
				COPY_PHASE_STRIP = NO;
				DEBUG_INFORMATION_FORMAT = "dwarf-with-dsym";
				ENABLE_NS_ASSERTIONS = NO;
				ENABLE_STRICT_OBJC_MSGSEND = YES;
				GCC_C_LANGUAGE_STANDARD = gnu11;
				GCC_NO_COMMON_BLOCKS = YES;
				GCC_WARN_64_TO_32_BIT_CONVERSION = YES;
				GCC_WARN_ABOUT_RETURN_TYPE = YES_ERROR;
				GCC_WARN_UNDECLARED_SELECTOR = YES;
				GCC_WARN_UNINITIALIZED_AUTOS = YES_AGGRESSIVE;
				GCC_WARN_UNUSED_FUNCTION = YES;
				GCC_WARN_UNUSED_VARIABLE = YES;
				IPHONEOS_DEPLOYMENT_TARGET = 16.2;
				MTL_ENABLE_DEBUG_INFO = NO;
				MTL_FAST_MATH = YES;
				SDKROOT = iphoneos;
				SWIFT_COMPILATION_MODE = wholemodule;
				SWIFT_OPTIMIZATION_LEVEL = "-O";
				VALIDATE_PRODUCT = YES;
			};
			name = Release;
		};
		12EF01EC29CE2D8600C019C2 /* Debug */ = {
			isa = XCBuildConfiguration;
			baseConfigurationReference = 0F639B432B4F0BDB1F4A3B44 /* Pods-Migration-Test.debug.xcconfig */;
			buildSettings = {
				ASSETCATALOG_COMPILER_APPICON_NAME = AppIcon;
				ASSETCATALOG_COMPILER_GLOBAL_ACCENT_COLOR_NAME = AccentColor;
				CODE_SIGN_STYLE = Automatic;
				CURRENT_PROJECT_VERSION = 1;
				GENERATE_INFOPLIST_FILE = YES;
				INFOPLIST_FILE = "Migration-Test/Info.plist";
				INFOPLIST_KEY_NSLocationAlwaysAndWhenInUseUsageDescription = "hello world";
				INFOPLIST_KEY_NSLocationAlwaysUsageDescription = "Hello World";
				INFOPLIST_KEY_NSLocationWhenInUseUsageDescription = "Hello World";
				INFOPLIST_KEY_UIApplicationSupportsIndirectInputEvents = YES;
				INFOPLIST_KEY_UILaunchStoryboardName = LaunchScreen;
				INFOPLIST_KEY_UIMainStoryboardFile = Main;
				INFOPLIST_KEY_UISupportedInterfaceOrientations_iPad = "UIInterfaceOrientationPortrait UIInterfaceOrientationPortraitUpsideDown UIInterfaceOrientationLandscapeLeft UIInterfaceOrientationLandscapeRight";
				INFOPLIST_KEY_UISupportedInterfaceOrientations_iPhone = "UIInterfaceOrientationPortrait UIInterfaceOrientationLandscapeLeft UIInterfaceOrientationLandscapeRight";
				LD_RUNPATH_SEARCH_PATHS = (
					"$(inherited)",
					"@executable_path/Frameworks",
				);
				MARKETING_VERSION = 1.0;
				PRODUCT_BUNDLE_IDENTIFIER = "com.flybits.Migration-Test";
				PRODUCT_NAME = "$(TARGET_NAME)";
				SWIFT_EMIT_LOC_STRINGS = YES;
				SWIFT_VERSION = 5.0;
				TARGETED_DEVICE_FAMILY = "1,2";
			};
			name = Debug;
		};
		12EF01ED29CE2D8600C019C2 /* Release */ = {
			isa = XCBuildConfiguration;
			baseConfigurationReference = 8FF4ED8EA4023416582C5CC7 /* Pods-Migration-Test.release.xcconfig */;
			buildSettings = {
				ASSETCATALOG_COMPILER_APPICON_NAME = AppIcon;
				ASSETCATALOG_COMPILER_GLOBAL_ACCENT_COLOR_NAME = AccentColor;
				CODE_SIGN_STYLE = Automatic;
				CURRENT_PROJECT_VERSION = 1;
				GENERATE_INFOPLIST_FILE = YES;
				INFOPLIST_FILE = "Migration-Test/Info.plist";
				INFOPLIST_KEY_NSLocationAlwaysAndWhenInUseUsageDescription = "hello world";
				INFOPLIST_KEY_NSLocationAlwaysUsageDescription = "Hello World";
				INFOPLIST_KEY_NSLocationWhenInUseUsageDescription = "Hello World";
				INFOPLIST_KEY_UIApplicationSupportsIndirectInputEvents = YES;
				INFOPLIST_KEY_UILaunchStoryboardName = LaunchScreen;
				INFOPLIST_KEY_UIMainStoryboardFile = Main;
				INFOPLIST_KEY_UISupportedInterfaceOrientations_iPad = "UIInterfaceOrientationPortrait UIInterfaceOrientationPortraitUpsideDown UIInterfaceOrientationLandscapeLeft UIInterfaceOrientationLandscapeRight";
				INFOPLIST_KEY_UISupportedInterfaceOrientations_iPhone = "UIInterfaceOrientationPortrait UIInterfaceOrientationLandscapeLeft UIInterfaceOrientationLandscapeRight";
				LD_RUNPATH_SEARCH_PATHS = (
					"$(inherited)",
					"@executable_path/Frameworks",
				);
				MARKETING_VERSION = 1.0;
				PRODUCT_BUNDLE_IDENTIFIER = "com.flybits.Migration-Test";
				PRODUCT_NAME = "$(TARGET_NAME)";
				SWIFT_EMIT_LOC_STRINGS = YES;
				SWIFT_VERSION = 5.0;
				TARGETED_DEVICE_FAMILY = "1,2";
			};
			name = Release;
		};
		12EF01EF29CE2D8600C019C2 /* Debug */ = {
			isa = XCBuildConfiguration;
			baseConfigurationReference = 1AAE4DB1EE2A13C774CFE1EB /* Pods-Migration-TestTests.debug.xcconfig */;
			buildSettings = {
				ALWAYS_EMBED_SWIFT_STANDARD_LIBRARIES = YES;
				BUNDLE_LOADER = "$(TEST_HOST)";
				CODE_SIGN_STYLE = Automatic;
				CURRENT_PROJECT_VERSION = 1;
				GENERATE_INFOPLIST_FILE = YES;
				IPHONEOS_DEPLOYMENT_TARGET = 16.2;
				MARKETING_VERSION = 1.0;
				PRODUCT_BUNDLE_IDENTIFIER = "com.flybits.Migration-TestTests";
				PRODUCT_NAME = "$(TARGET_NAME)";
				SWIFT_EMIT_LOC_STRINGS = NO;
				SWIFT_VERSION = 5.0;
				TARGETED_DEVICE_FAMILY = "1,2";
				TEST_HOST = "$(BUILT_PRODUCTS_DIR)/Migration-Test.app/$(BUNDLE_EXECUTABLE_FOLDER_PATH)/Migration-Test";
			};
			name = Debug;
		};
		12EF01F029CE2D8600C019C2 /* Release */ = {
			isa = XCBuildConfiguration;
			baseConfigurationReference = 9F20997DA6A42F3103865D17 /* Pods-Migration-TestTests.release.xcconfig */;
			buildSettings = {
				ALWAYS_EMBED_SWIFT_STANDARD_LIBRARIES = YES;
				BUNDLE_LOADER = "$(TEST_HOST)";
				CODE_SIGN_STYLE = Automatic;
				CURRENT_PROJECT_VERSION = 1;
				GENERATE_INFOPLIST_FILE = YES;
				IPHONEOS_DEPLOYMENT_TARGET = 16.2;
				MARKETING_VERSION = 1.0;
				PRODUCT_BUNDLE_IDENTIFIER = "com.flybits.Migration-TestTests";
				PRODUCT_NAME = "$(TARGET_NAME)";
				SWIFT_EMIT_LOC_STRINGS = NO;
				SWIFT_VERSION = 5.0;
				TARGETED_DEVICE_FAMILY = "1,2";
				TEST_HOST = "$(BUILT_PRODUCTS_DIR)/Migration-Test.app/$(BUNDLE_EXECUTABLE_FOLDER_PATH)/Migration-Test";
			};
			name = Release;
		};
		12EF01F229CE2D8600C019C2 /* Debug */ = {
			isa = XCBuildConfiguration;
			baseConfigurationReference = ABA7CC332071ED756EFEAA4D /* Pods-Migration-Test-Migration-TestUITests.debug.xcconfig */;
			buildSettings = {
				ALWAYS_EMBED_SWIFT_STANDARD_LIBRARIES = YES;
				CODE_SIGN_STYLE = Automatic;
				CURRENT_PROJECT_VERSION = 1;
				GENERATE_INFOPLIST_FILE = YES;
				MARKETING_VERSION = 1.0;
				PRODUCT_BUNDLE_IDENTIFIER = "com.flybits.Migration-TestUITests";
				PRODUCT_NAME = "$(TARGET_NAME)";
				SWIFT_EMIT_LOC_STRINGS = NO;
				SWIFT_VERSION = 5.0;
				TARGETED_DEVICE_FAMILY = "1,2";
				TEST_TARGET_NAME = "Migration-Test";
			};
			name = Debug;
		};
		12EF01F329CE2D8600C019C2 /* Release */ = {
			isa = XCBuildConfiguration;
			baseConfigurationReference = 39FF6AFEB116B29EA6D38B56 /* Pods-Migration-Test-Migration-TestUITests.release.xcconfig */;
			buildSettings = {
				ALWAYS_EMBED_SWIFT_STANDARD_LIBRARIES = YES;
				CODE_SIGN_STYLE = Automatic;
				CURRENT_PROJECT_VERSION = 1;
				GENERATE_INFOPLIST_FILE = YES;
				MARKETING_VERSION = 1.0;
				PRODUCT_BUNDLE_IDENTIFIER = "com.flybits.Migration-TestUITests";
				PRODUCT_NAME = "$(TARGET_NAME)";
				SWIFT_EMIT_LOC_STRINGS = NO;
				SWIFT_VERSION = 5.0;
				TARGETED_DEVICE_FAMILY = "1,2";
				TEST_TARGET_NAME = "Migration-Test";
			};
			name = Release;
		};
/* End XCBuildConfiguration section */

/* Begin XCConfigurationList section */
		12EF01BC29CE2D8400C019C2 /* Build configuration list for PBXProject "Migration-Test" */ = {
			isa = XCConfigurationList;
			buildConfigurations = (
				12EF01E929CE2D8600C019C2 /* Debug */,
				12EF01EA29CE2D8600C019C2 /* Release */,
			);
			defaultConfigurationIsVisible = 0;
			defaultConfigurationName = Release;
		};
		12EF01EB29CE2D8600C019C2 /* Build configuration list for PBXNativeTarget "Migration-Test" */ = {
			isa = XCConfigurationList;
			buildConfigurations = (
				12EF01EC29CE2D8600C019C2 /* Debug */,
				12EF01ED29CE2D8600C019C2 /* Release */,
			);
			defaultConfigurationIsVisible = 0;
			defaultConfigurationName = Release;
		};
		12EF01EE29CE2D8600C019C2 /* Build configuration list for PBXNativeTarget "Migration-TestTests" */ = {
			isa = XCConfigurationList;
			buildConfigurations = (
				12EF01EF29CE2D8600C019C2 /* Debug */,
				12EF01F029CE2D8600C019C2 /* Release */,
			);
			defaultConfigurationIsVisible = 0;
			defaultConfigurationName = Release;
		};
		12EF01F129CE2D8600C019C2 /* Build configuration list for PBXNativeTarget "Migration-TestUITests" */ = {
			isa = XCConfigurationList;
			buildConfigurations = (
				12EF01F229CE2D8600C019C2 /* Debug */,
				12EF01F329CE2D8600C019C2 /* Release */,
			);
			defaultConfigurationIsVisible = 0;
			defaultConfigurationName = Release;
		};
/* End XCConfigurationList section */
	};
	rootObject = 12EF01B929CE2D8400C019C2 /* Project object */;
}
