// !$*UTF8*$!
{
	archiveVersion = 1;
	classes = {
	};
	objectVersion = 55;
	objects = {

/* Begin PBXBuildFile section */
		196A99112F5ECE4BB548928B /* Pods_Expose_Bank.framework in Frameworks */ = {isa = PBXBuildFile; fileRef = A567FE867237D537B3D6B055 /* Pods_Expose_Bank.framework */; };
		2572B73628241FB9000499D2 /* Expose_BankUITests.swift in Sources */ = {isa = PBXBuildFile; fileRef = 2572B73528241FB9000499D2 /* Expose_BankUITests.swift */; };
		2572B73828241FB9000499D2 /* Expose_BankUITestsLaunchTests.swift in Sources */ = {isa = PBXBuildFile; fileRef = 2572B73728241FB9000499D2 /* Expose_BankUITestsLaunchTests.swift */; };
		25EA00122820655A004F982B /* AppDelegate.swift in Sources */ = {isa = PBXBuildFile; fileRef = 25EA00112820655A004F982B /* AppDelegate.swift */; };
		25EA00192820655A004F982B /* Main.storyboard in Resources */ = {isa = PBXBuildFile; fileRef = 25EA00172820655A004F982B /* Main.storyboard */; };
		25EA001B2820655C004F982B /* Assets.xcassets in Resources */ = {isa = PBXBuildFile; fileRef = 25EA001A2820655C004F982B /* Assets.xcassets */; };
		25EA001E2820655C004F982B /* LaunchScreen.storyboard in Resources */ = {isa = PBXBuildFile; fileRef = 25EA001C2820655C004F982B /* LaunchScreen.storyboard */; };
		25EA002728206E3F004F982B /* MainViewController.swift in Sources */ = {isa = PBXBuildFile; fileRef = 25EA002628206E3F004F982B /* MainViewController.swift */; };
/* End PBXBuildFile section */

/* Begin PBXContainerItemProxy section */
		2572B73928241FB9000499D2 /* PBXContainerItemProxy */ = {
			isa = PBXContainerItemProxy;
			containerPortal = 25EA00062820655A004F982B /* Project object */;
			proxyType = 1;
			remoteGlobalIDString = 25EA000D2820655A004F982B;
			remoteInfo = "Expose-Bank";
		};
/* End PBXContainerItemProxy section */

/* Begin PBXFileReference section */
		2563FEA32822FE7F00FF53F3 /* Expose-Bank.entitlements */ = {isa = PBXFileReference; lastKnownFileType = text.plist.entitlements; path = "Expose-Bank.entitlements"; sourceTree = "<group>"; };
		2572B73328241FB9000499D2 /* Expose-BankUITests.xctest */ = {isa = PBXFileReference; explicitFileType = wrapper.cfbundle; includeInIndex = 0; path = "Expose-BankUITests.xctest"; sourceTree = BUILT_PRODUCTS_DIR; };
		2572B73528241FB9000499D2 /* Expose_BankUITests.swift */ = {isa = PBXFileReference; lastKnownFileType = sourcecode.swift; path = Expose_BankUITests.swift; sourceTree = "<group>"; };
		2572B73728241FB9000499D2 /* Expose_BankUITestsLaunchTests.swift */ = {isa = PBXFileReference; lastKnownFileType = sourcecode.swift; path = Expose_BankUITestsLaunchTests.swift; sourceTree = "<group>"; };
		25EA000E2820655A004F982B /* Expose-Bank.app */ = {isa = PBXFileReference; explicitFileType = wrapper.application; includeInIndex = 0; path = "Expose-Bank.app"; sourceTree = BUILT_PRODUCTS_DIR; };
		25EA00112820655A004F982B /* AppDelegate.swift */ = {isa = PBXFileReference; lastKnownFileType = sourcecode.swift; path = AppDelegate.swift; sourceTree = "<group>"; };
		25EA00182820655A004F982B /* Base */ = {isa = PBXFileReference; lastKnownFileType = file.storyboard; name = Base; path = Base.lproj/Main.storyboard; sourceTree = "<group>"; };
		25EA001A2820655C004F982B /* Assets.xcassets */ = {isa = PBXFileReference; lastKnownFileType = folder.assetcatalog; path = Assets.xcassets; sourceTree = "<group>"; };
		25EA001D2820655C004F982B /* Base */ = {isa = PBXFileReference; lastKnownFileType = file.storyboard; name = Base; path = Base.lproj/LaunchScreen.storyboard; sourceTree = "<group>"; };
		25EA001F2820655C004F982B /* Info.plist */ = {isa = PBXFileReference; lastKnownFileType = text.plist.xml; path = Info.plist; sourceTree = "<group>"; };
		25EA002628206E3F004F982B /* MainViewController.swift */ = {isa = PBXFileReference; lastKnownFileType = sourcecode.swift; path = MainViewController.swift; sourceTree = "<group>"; };
		436F727C380F902EA10847C3 /* Pods-Expose-Bank.debug.xcconfig */ = {isa = PBXFileReference; includeInIndex = 1; lastKnownFileType = text.xcconfig; name = "Pods-Expose-Bank.debug.xcconfig"; path = "Target Support Files/Pods-Expose-Bank/Pods-Expose-Bank.debug.xcconfig"; sourceTree = "<group>"; };
		A567FE867237D537B3D6B055 /* Pods_Expose_Bank.framework */ = {isa = PBXFileReference; explicitFileType = wrapper.framework; includeInIndex = 0; path = Pods_Expose_Bank.framework; sourceTree = BUILT_PRODUCTS_DIR; };
		A75CAC46C5349CD7EC7E0DB5 /* Pods-Expose-Bank.release.xcconfig */ = {isa = PBXFileReference; includeInIndex = 1; lastKnownFileType = text.xcconfig; name = "Pods-Expose-Bank.release.xcconfig"; path = "Target Support Files/Pods-Expose-Bank/Pods-Expose-Bank.release.xcconfig"; sourceTree = "<group>"; };
/* End PBXFileReference section */

/* Begin PBXFrameworksBuildPhase section */
		2572B73028241FB9000499D2 /* Frameworks */ = {
			isa = PBXFrameworksBuildPhase;
			buildActionMask = 2147483647;
			files = (
			);
			runOnlyForDeploymentPostprocessing = 0;
		};
		25EA000B2820655A004F982B /* Frameworks */ = {
			isa = PBXFrameworksBuildPhase;
			buildActionMask = 2147483647;
			files = (
				196A99112F5ECE4BB548928B /* Pods_Expose_Bank.framework in Frameworks */,
			);
			runOnlyForDeploymentPostprocessing = 0;
		};
/* End PBXFrameworksBuildPhase section */

/* Begin PBXGroup section */
		14438011C5946C63B2E0C055 /* Frameworks */ = {
			isa = PBXGroup;
			children = (
				A567FE867237D537B3D6B055 /* Pods_Expose_Bank.framework */,
			);
			name = Frameworks;
			sourceTree = "<group>";
		};
		2572B73428241FB9000499D2 /* Expose-BankUITests */ = {
			isa = PBXGroup;
			children = (
				2572B73528241FB9000499D2 /* Expose_BankUITests.swift */,
				2572B73728241FB9000499D2 /* Expose_BankUITestsLaunchTests.swift */,
			);
			path = "Expose-BankUITests";
			sourceTree = "<group>";
		};
		25EA00052820655A004F982B = {
			isa = PBXGroup;
			children = (
				25EA00102820655A004F982B /* Expose-Bank */,
				2572B73428241FB9000499D2 /* Expose-BankUITests */,
				25EA000F2820655A004F982B /* Products */,
				C1AA5A0ED9EAB99CB4D15007 /* Pods */,
				14438011C5946C63B2E0C055 /* Frameworks */,
			);
			sourceTree = "<group>";
		};
		25EA000F2820655A004F982B /* Products */ = {
			isa = PBXGroup;
			children = (
				25EA000E2820655A004F982B /* Expose-Bank.app */,
				2572B73328241FB9000499D2 /* Expose-BankUITests.xctest */,
			);
			name = Products;
			sourceTree = "<group>";
		};
		25EA00102820655A004F982B /* Expose-Bank */ = {
			isa = PBXGroup;
			children = (
				2563FEA32822FE7F00FF53F3 /* Expose-Bank.entitlements */,
				25EA001F2820655C004F982B /* Info.plist */,
				25EA00112820655A004F982B /* AppDelegate.swift */,
				25EA002628206E3F004F982B /* MainViewController.swift */,
				25EA001A2820655C004F982B /* Assets.xcassets */,
				25EA001C2820655C004F982B /* LaunchScreen.storyboard */,
				25EA00172820655A004F982B /* Main.storyboard */,
			);
			path = "Expose-Bank";
			sourceTree = "<group>";
		};
		C1AA5A0ED9EAB99CB4D15007 /* Pods */ = {
			isa = PBXGroup;
			children = (
				436F727C380F902EA10847C3 /* Pods-Expose-Bank.debug.xcconfig */,
				A75CAC46C5349CD7EC7E0DB5 /* Pods-Expose-Bank.release.xcconfig */,
			);
			name = Pods;
			path = ../../Pods;
			sourceTree = "<group>";
		};
/* End PBXGroup section */

/* Begin PBXNativeTarget section */
		2572B73228241FB9000499D2 /* Expose-BankUITests */ = {
			isa = PBXNativeTarget;
			buildConfigurationList = 2572B73D28241FB9000499D2 /* Build configuration list for PBXNativeTarget "Expose-BankUITests" */;
			buildPhases = (
				2572B72F28241FB9000499D2 /* Sources */,
				2572B73028241FB9000499D2 /* Frameworks */,
				2572B73128241FB9000499D2 /* Resources */,
			);
			buildRules = (
			);
			dependencies = (
				2572B73A28241FB9000499D2 /* PBXTargetDependency */,
			);
			name = "Expose-BankUITests";
			productName = "Expose-BankUITests";
			productReference = 2572B73328241FB9000499D2 /* Expose-BankUITests.xctest */;
			productType = "com.apple.product-type.bundle.ui-testing";
		};
		25EA000D2820655A004F982B /* Expose-Bank */ = {
			isa = PBXNativeTarget;
			buildConfigurationList = 25EA00222820655C004F982B /* Build configuration list for PBXNativeTarget "Expose-Bank" */;
			buildPhases = (
				DE6CA5C31A59BCB2881C6DC2 /* [CP] Check Pods Manifest.lock */,
				25EA000A2820655A004F982B /* Sources */,
				25EA000B2820655A004F982B /* Frameworks */,
				25EA000C2820655A004F982B /* Resources */,
				5AE6A21575ABBDF7E3AB8709 /* [CP] Embed Pods Frameworks */,
			);
			buildRules = (
			);
			dependencies = (
			);
			name = "Expose-Bank";
			productName = "Expose-Bank";
			productReference = 25EA000E2820655A004F982B /* Expose-Bank.app */;
			productType = "com.apple.product-type.application";
		};
/* End PBXNativeTarget section */

/* Begin PBXProject section */
		25EA00062820655A004F982B /* Project object */ = {
			isa = PBXProject;
			attributes = {
				BuildIndependentTargetsInParallel = 1;
				LastSwiftUpdateCheck = 1330;
				LastUpgradeCheck = 1330;
				TargetAttributes = {
					2572B73228241FB9000499D2 = {
						CreatedOnToolsVersion = 13.3.1;
						TestTargetID = 25EA000D2820655A004F982B;
					};
					25EA000D2820655A004F982B = {
						CreatedOnToolsVersion = 13.3.1;
					};
				};
			};
			buildConfigurationList = 25EA00092820655A004F982B /* Build configuration list for PBXProject "Expose-Bank" */;
			compatibilityVersion = "Xcode 13.0";
			developmentRegion = en;
			hasScannedForEncodings = 0;
			knownRegions = (
				en,
				Base,
			);
			mainGroup = 25EA00052820655A004F982B;
			productRefGroup = 25EA000F2820655A004F982B /* Products */;
			projectDirPath = "";
			projectRoot = "";
			targets = (
				25EA000D2820655A004F982B /* Expose-Bank */,
				2572B73228241FB9000499D2 /* Expose-BankUITests */,
			);
		};
/* End PBXProject section */

/* Begin PBXResourcesBuildPhase section */
		2572B73128241FB9000499D2 /* Resources */ = {
			isa = PBXResourcesBuildPhase;
			buildActionMask = 2147483647;
			files = (
			);
			runOnlyForDeploymentPostprocessing = 0;
		};
		25EA000C2820655A004F982B /* Resources */ = {
			isa = PBXResourcesBuildPhase;
			buildActionMask = 2147483647;
			files = (
				25EA001E2820655C004F982B /* LaunchScreen.storyboard in Resources */,
				25EA001B2820655C004F982B /* Assets.xcassets in Resources */,
				25EA00192820655A004F982B /* Main.storyboard in Resources */,
			);
			runOnlyForDeploymentPostprocessing = 0;
		};
/* End PBXResourcesBuildPhase section */

/* Begin PBXShellScriptBuildPhase section */
		5AE6A21575ABBDF7E3AB8709 /* [CP] Embed Pods Frameworks */ = {
			isa = PBXShellScriptBuildPhase;
			buildActionMask = 2147483647;
			files = (
			);
			inputFileListPaths = (
				"${PODS_ROOT}/Target Support Files/Pods-Expose-Bank/Pods-Expose-Bank-frameworks-${CONFIGURATION}-input-files.xcfilelist",
			);
			name = "[CP] Embed Pods Frameworks";
			outputFileListPaths = (
				"${PODS_ROOT}/Target Support Files/Pods-Expose-Bank/Pods-Expose-Bank-frameworks-${CONFIGURATION}-output-files.xcfilelist",
			);
			runOnlyForDeploymentPostprocessing = 0;
			shellPath = /bin/sh;
			shellScript = "\"${PODS_ROOT}/Target Support Files/Pods-Expose-Bank/Pods-Expose-Bank-frameworks.sh\"\n";
			showEnvVarsInLog = 0;
		};
		DE6CA5C31A59BCB2881C6DC2 /* [CP] Check Pods Manifest.lock */ = {
			isa = PBXShellScriptBuildPhase;
			buildActionMask = 2147483647;
			files = (
			);
			inputFileListPaths = (
			);
			inputPaths = (
				"${PODS_PODFILE_DIR_PATH}/Podfile.lock",
				"${PODS_ROOT}/Manifest.lock",
			);
			name = "[CP] Check Pods Manifest.lock";
			outputFileListPaths = (
			);
			outputPaths = (
				"$(DERIVED_FILE_DIR)/Pods-Expose-Bank-checkManifestLockResult.txt",
			);
			runOnlyForDeploymentPostprocessing = 0;
			shellPath = /bin/sh;
			shellScript = "diff \"${PODS_PODFILE_DIR_PATH}/Podfile.lock\" \"${PODS_ROOT}/Manifest.lock\" > /dev/null\nif [ $? != 0 ] ; then\n    # print error to STDERR\n    echo \"error: The sandbox is not in sync with the Podfile.lock. Run 'pod install' or update your CocoaPods installation.\" >&2\n    exit 1\nfi\n# This output is used by Xcode 'outputs' to avoid re-running this script phase.\necho \"SUCCESS\" > \"${SCRIPT_OUTPUT_FILE_0}\"\n";
			showEnvVarsInLog = 0;
		};
/* End PBXShellScriptBuildPhase section */

/* Begin PBXSourcesBuildPhase section */
		2572B72F28241FB9000499D2 /* Sources */ = {
			isa = PBXSourcesBuildPhase;
			buildActionMask = 2147483647;
			files = (
				2572B73828241FB9000499D2 /* Expose_BankUITestsLaunchTests.swift in Sources */,
				2572B73628241FB9000499D2 /* Expose_BankUITests.swift in Sources */,
			);
			runOnlyForDeploymentPostprocessing = 0;
		};
		25EA000A2820655A004F982B /* Sources */ = {
			isa = PBXSourcesBuildPhase;
			buildActionMask = 2147483647;
			files = (
				25EA00122820655A004F982B /* AppDelegate.swift in Sources */,
				25EA002728206E3F004F982B /* MainViewController.swift in Sources */,
			);
			runOnlyForDeploymentPostprocessing = 0;
		};
/* End PBXSourcesBuildPhase section */

/* Begin PBXTargetDependency section */
		2572B73A28241FB9000499D2 /* PBXTargetDependency */ = {
			isa = PBXTargetDependency;
			target = 25EA000D2820655A004F982B /* Expose-Bank */;
			targetProxy = 2572B73928241FB9000499D2 /* PBXContainerItemProxy */;
		};
/* End PBXTargetDependency section */

/* Begin PBXVariantGroup section */
		25EA00172820655A004F982B /* Main.storyboard */ = {
			isa = PBXVariantGroup;
			children = (
				25EA00182820655A004F982B /* Base */,
			);
			name = Main.storyboard;
			sourceTree = "<group>";
		};
		25EA001C2820655C004F982B /* LaunchScreen.storyboard */ = {
			isa = PBXVariantGroup;
			children = (
				25EA001D2820655C004F982B /* Base */,
			);
			name = LaunchScreen.storyboard;
			sourceTree = "<group>";
		};
/* End PBXVariantGroup section */

/* Begin XCBuildConfiguration section */
		2572B73B28241FB9000499D2 /* Debug */ = {
			isa = XCBuildConfiguration;
			buildSettings = {
				CODE_SIGN_STYLE = Automatic;
				CURRENT_PROJECT_VERSION = 1;
				DEVELOPMENT_TEAM = CH9YG7X49H;
				GENERATE_INFOPLIST_FILE = YES;
				IPHONEOS_DEPLOYMENT_TARGET = 15.4;
				MARKETING_VERSION = 1.0;
				PRODUCT_BUNDLE_IDENTIFIER = "com.flybits.Expose-BankUITests";
				PRODUCT_NAME = "$(TARGET_NAME)";
				SWIFT_EMIT_LOC_STRINGS = NO;
				SWIFT_VERSION = 5.0;
				TARGETED_DEVICE_FAMILY = "1,2";
				TEST_TARGET_NAME = "Expose-Bank";
			};
			name = Debug;
		};
		2572B73C28241FB9000499D2 /* Release */ = {
			isa = XCBuildConfiguration;
			buildSettings = {
				CODE_SIGN_STYLE = Automatic;
				CURRENT_PROJECT_VERSION = 1;
				DEVELOPMENT_TEAM = CH9YG7X49H;
				GENERATE_INFOPLIST_FILE = YES;
				IPHONEOS_DEPLOYMENT_TARGET = 15.4;
				MARKETING_VERSION = 1.0;
				PRODUCT_BUNDLE_IDENTIFIER = "com.flybits.Expose-BankUITests";
				PRODUCT_NAME = "$(TARGET_NAME)";
				SWIFT_EMIT_LOC_STRINGS = NO;
				SWIFT_VERSION = 5.0;
				TARGETED_DEVICE_FAMILY = "1,2";
				TEST_TARGET_NAME = "Expose-Bank";
			};
			name = Release;
		};
		25EA00202820655C004F982B /* Debug */ = {
			isa = XCBuildConfiguration;
			buildSettings = {
				ALWAYS_SEARCH_USER_PATHS = NO;
				CLANG_ANALYZER_NONNULL = YES;
				CLANG_ANALYZER_NUMBER_OBJECT_CONVERSION = YES_AGGRESSIVE;
				CLANG_CXX_LANGUAGE_STANDARD = "gnu++17";
				CLANG_ENABLE_MODULES = YES;
				CLANG_ENABLE_OBJC_ARC = YES;
				CLANG_ENABLE_OBJC_WEAK = YES;
				CLANG_WARN_BLOCK_CAPTURE_AUTORELEASING = YES;
				CLANG_WARN_BOOL_CONVERSION = YES;
				CLANG_WARN_COMMA = YES;
				CLANG_WARN_CONSTANT_CONVERSION = YES;
				CLANG_WARN_DEPRECATED_OBJC_IMPLEMENTATIONS = YES;
				CLANG_WARN_DIRECT_OBJC_ISA_USAGE = YES_ERROR;
				CLANG_WARN_DOCUMENTATION_COMMENTS = YES;
				CLANG_WARN_EMPTY_BODY = YES;
				CLANG_WARN_ENUM_CONVERSION = YES;
				CLANG_WARN_INFINITE_RECURSION = YES;
				CLANG_WARN_INT_CONVERSION = YES;
				CLANG_WARN_NON_LITERAL_NULL_CONVERSION = YES;
				CLANG_WARN_OBJC_IMPLICIT_RETAIN_SELF = YES;
				CLANG_WARN_OBJC_LITERAL_CONVERSION = YES;
				CLANG_WARN_OBJC_ROOT_CLASS = YES_ERROR;
				CLANG_WARN_QUOTED_INCLUDE_IN_FRAMEWORK_HEADER = YES;
				CLANG_WARN_RANGE_LOOP_ANALYSIS = YES;
				CLANG_WARN_STRICT_PROTOTYPES = YES;
				CLANG_WARN_SUSPICIOUS_MOVE = YES;
				CLANG_WARN_UNGUARDED_AVAILABILITY = YES_AGGRESSIVE;
				CLANG_WARN_UNREACHABLE_CODE = YES;
				CLANG_WARN__DUPLICATE_METHOD_MATCH = YES;
				COPY_PHASE_STRIP = NO;
				DEBUG_INFORMATION_FORMAT = dwarf;
				ENABLE_STRICT_OBJC_MSGSEND = YES;
				ENABLE_TESTABILITY = YES;
				GCC_C_LANGUAGE_STANDARD = gnu11;
				GCC_DYNAMIC_NO_PIC = NO;
				GCC_NO_COMMON_BLOCKS = YES;
				GCC_OPTIMIZATION_LEVEL = 0;
				GCC_PREPROCESSOR_DEFINITIONS = (
					"DEBUG=1",
					"$(inherited)",
				);
				GCC_WARN_64_TO_32_BIT_CONVERSION = YES;
				GCC_WARN_ABOUT_RETURN_TYPE = YES_ERROR;
				GCC_WARN_UNDECLARED_SELECTOR = YES;
				GCC_WARN_UNINITIALIZED_AUTOS = YES_AGGRESSIVE;
				GCC_WARN_UNUSED_FUNCTION = YES;
				GCC_WARN_UNUSED_VARIABLE = YES;
				IPHONEOS_DEPLOYMENT_TARGET = 12.2;
				MTL_ENABLE_DEBUG_INFO = INCLUDE_SOURCE;
				MTL_FAST_MATH = YES;
				ONLY_ACTIVE_ARCH = YES;
				SDKROOT = iphoneos;
				SWIFT_ACTIVE_COMPILATION_CONDITIONS = DEBUG;
				SWIFT_OPTIMIZATION_LEVEL = "-Onone";
			};
			name = Debug;
		};
		25EA00212820655C004F982B /* Release */ = {
			isa = XCBuildConfiguration;
			buildSettings = {
				ALWAYS_SEARCH_USER_PATHS = NO;
				CLANG_ANALYZER_NONNULL = YES;
				CLANG_ANALYZER_NUMBER_OBJECT_CONVERSION = YES_AGGRESSIVE;
				CLANG_CXX_LANGUAGE_STANDARD = "gnu++17";
				CLANG_ENABLE_MODULES = YES;
				CLANG_ENABLE_OBJC_ARC = YES;
				CLANG_ENABLE_OBJC_WEAK = YES;
				CLANG_WARN_BLOCK_CAPTURE_AUTORELEASING = YES;
				CLANG_WARN_BOOL_CONVERSION = YES;
				CLANG_WARN_COMMA = YES;
				CLANG_WARN_CONSTANT_CONVERSION = YES;
				CLANG_WARN_DEPRECATED_OBJC_IMPLEMENTATIONS = YES;
				CLANG_WARN_DIRECT_OBJC_ISA_USAGE = YES_ERROR;
				CLANG_WARN_DOCUMENTATION_COMMENTS = YES;
				CLANG_WARN_EMPTY_BODY = YES;
				CLANG_WARN_ENUM_CONVERSION = YES;
				CLANG_WARN_INFINITE_RECURSION = YES;
				CLANG_WARN_INT_CONVERSION = YES;
				CLANG_WARN_NON_LITERAL_NULL_CONVERSION = YES;
				CLANG_WARN_OBJC_IMPLICIT_RETAIN_SELF = YES;
				CLANG_WARN_OBJC_LITERAL_CONVERSION = YES;
				CLANG_WARN_OBJC_ROOT_CLASS = YES_ERROR;
				CLANG_WARN_QUOTED_INCLUDE_IN_FRAMEWORK_HEADER = YES;
				CLANG_WARN_RANGE_LOOP_ANALYSIS = YES;
				CLANG_WARN_STRICT_PROTOTYPES = YES;
				CLANG_WARN_SUSPICIOUS_MOVE = YES;
				CLANG_WARN_UNGUARDED_AVAILABILITY = YES_AGGRESSIVE;
				CLANG_WARN_UNREACHABLE_CODE = YES;
				CLANG_WARN__DUPLICATE_METHOD_MATCH = YES;
				COPY_PHASE_STRIP = NO;
				DEBUG_INFORMATION_FORMAT = "dwarf-with-dsym";
				ENABLE_NS_ASSERTIONS = NO;
				ENABLE_STRICT_OBJC_MSGSEND = YES;
				GCC_C_LANGUAGE_STANDARD = gnu11;
				GCC_NO_COMMON_BLOCKS = YES;
				GCC_WARN_64_TO_32_BIT_CONVERSION = YES;
				GCC_WARN_ABOUT_RETURN_TYPE = YES_ERROR;
				GCC_WARN_UNDECLARED_SELECTOR = YES;
				GCC_WARN_UNINITIALIZED_AUTOS = YES_AGGRESSIVE;
				GCC_WARN_UNUSED_FUNCTION = YES;
				GCC_WARN_UNUSED_VARIABLE = YES;
				IPHONEOS_DEPLOYMENT_TARGET = 12.2;
				MTL_ENABLE_DEBUG_INFO = NO;
				MTL_FAST_MATH = YES;
				SDKROOT = iphoneos;
				SWIFT_COMPILATION_MODE = wholemodule;
				SWIFT_OPTIMIZATION_LEVEL = "-O";
				VALIDATE_PRODUCT = YES;
			};
			name = Release;
		};
		25EA00232820655C004F982B /* Debug */ = {
			isa = XCBuildConfiguration;
			baseConfigurationReference = 436F727C380F902EA10847C3 /* Pods-Expose-Bank.debug.xcconfig */;
			buildSettings = {
				ASSETCATALOG_COMPILER_APPICON_NAME = AppIcon;
				ASSETCATALOG_COMPILER_GLOBAL_ACCENT_COLOR_NAME = AccentColor;
				CODE_SIGN_ENTITLEMENTS = "Expose-Bank/Expose-Bank.entitlements";
				CODE_SIGN_STYLE = Automatic;
				CURRENT_PROJECT_VERSION = 1;
				DEVELOPMENT_TEAM = CH9YG7X49H;
				GENERATE_INFOPLIST_FILE = YES;
				INFOPLIST_FILE = "Expose-Bank/Info.plist";
				INFOPLIST_KEY_CFBundleDisplayName = ExposeBank;
				INFOPLIST_KEY_UIApplicationSupportsIndirectInputEvents = YES;
				INFOPLIST_KEY_UILaunchStoryboardName = LaunchScreen;
				INFOPLIST_KEY_UIMainStoryboardFile = Main;
				INFOPLIST_KEY_UISupportedInterfaceOrientations = "UIInterfaceOrientationPortrait UIInterfaceOrientationLandscapeLeft UIInterfaceOrientationLandscapeRight";
				INFOPLIST_KEY_UISupportedInterfaceOrientations_iPad = "UIInterfaceOrientationPortrait UIInterfaceOrientationPortraitUpsideDown UIInterfaceOrientationLandscapeLeft UIInterfaceOrientationLandscapeRight";
				INFOPLIST_KEY_UISupportedInterfaceOrientations_iPhone = "UIInterfaceOrientationPortrait UIInterfaceOrientationLandscapeLeft UIInterfaceOrientationLandscapeRight";
				LD_RUNPATH_SEARCH_PATHS = (
					"$(inherited)",
					"@executable_path/Frameworks",
				);
				MARKETING_VERSION = 1.0;
				PRODUCT_BUNDLE_IDENTIFIER = "com.flybits.expose-bank";
				PRODUCT_NAME = "$(TARGET_NAME)";
				SWIFT_EMIT_LOC_STRINGS = YES;
				SWIFT_VERSION = 5.0;
				TARGETED_DEVICE_FAMILY = "1,2";
			};
			name = Debug;
		};
		25EA00242820655C004F982B /* Release */ = {
			isa = XCBuildConfiguration;
			baseConfigurationReference = A75CAC46C5349CD7EC7E0DB5 /* Pods-Expose-Bank.release.xcconfig */;
			buildSettings = {
				ASSETCATALOG_COMPILER_APPICON_NAME = AppIcon;
				ASSETCATALOG_COMPILER_GLOBAL_ACCENT_COLOR_NAME = AccentColor;
				CODE_SIGN_ENTITLEMENTS = "Expose-Bank/Expose-Bank.entitlements";
				CODE_SIGN_STYLE = Automatic;
				CURRENT_PROJECT_VERSION = 1;
				DEVELOPMENT_TEAM = CH9YG7X49H;
				GENERATE_INFOPLIST_FILE = YES;
				INFOPLIST_FILE = "Expose-Bank/Info.plist";
				INFOPLIST_KEY_CFBundleDisplayName = ExposeBank;
				INFOPLIST_KEY_UIApplicationSupportsIndirectInputEvents = YES;
				INFOPLIST_KEY_UILaunchStoryboardName = LaunchScreen;
				INFOPLIST_KEY_UIMainStoryboardFile = Main;
				INFOPLIST_KEY_UISupportedInterfaceOrientations = "UIInterfaceOrientationPortrait UIInterfaceOrientationLandscapeLeft UIInterfaceOrientationLandscapeRight";
				INFOPLIST_KEY_UISupportedInterfaceOrientations_iPad = "UIInterfaceOrientationPortrait UIInterfaceOrientationPortraitUpsideDown UIInterfaceOrientationLandscapeLeft UIInterfaceOrientationLandscapeRight";
				INFOPLIST_KEY_UISupportedInterfaceOrientations_iPhone = "UIInterfaceOrientationPortrait UIInterfaceOrientationLandscapeLeft UIInterfaceOrientationLandscapeRight";
				LD_RUNPATH_SEARCH_PATHS = (
					"$(inherited)",
					"@executable_path/Frameworks",
				);
				MARKETING_VERSION = 1.0;
				PRODUCT_BUNDLE_IDENTIFIER = "com.flybits.expose-bank";
				PRODUCT_NAME = "$(TARGET_NAME)";
				SWIFT_EMIT_LOC_STRINGS = YES;
				SWIFT_VERSION = 5.0;
				TARGETED_DEVICE_FAMILY = "1,2";
			};
			name = Release;
		};
/* End XCBuildConfiguration section */

/* Begin XCConfigurationList section */
		2572B73D28241FB9000499D2 /* Build configuration list for PBXNativeTarget "Expose-BankUITests" */ = {
			isa = XCConfigurationList;
			buildConfigurations = (
				2572B73B28241FB9000499D2 /* Debug */,
				2572B73C28241FB9000499D2 /* Release */,
			);
			defaultConfigurationIsVisible = 0;
			defaultConfigurationName = Release;
		};
		25EA00092820655A004F982B /* Build configuration list for PBXProject "Expose-Bank" */ = {
			isa = XCConfigurationList;
			buildConfigurations = (
				25EA00202820655C004F982B /* Debug */,
				25EA00212820655C004F982B /* Release */,
			);
			defaultConfigurationIsVisible = 0;
			defaultConfigurationName = Release;
		};
		25EA00222820655C004F982B /* Build configuration list for PBXNativeTarget "Expose-Bank" */ = {
			isa = XCConfigurationList;
			buildConfigurations = (
				25EA00232820655C004F982B /* Debug */,
				25EA00242820655C004F982B /* Release */,
			);
			defaultConfigurationIsVisible = 0;
			defaultConfigurationName = Release;
		};
/* End XCConfigurationList section */
	};
	rootObject = 25EA00062820655A004F982B /* Project object */;
}
